PODS:
  - MASShortcut (2.4.0)
  - Sparkle (2.2.0)

DEPENDENCIES:
  - MASShortcut
  - Sparkle

SPEC REPOS:
  trunk:
    - MASShortcut
    - Sparkle

SPEC CHECKSUMS:
  MASShortcut: d9e4909e878661cc42877cc9d6efbe638273ab57
  Sparkle: 586adf26c0aa20b32abfecd0bf05557a9aa6d1b9

PODFILE CHECKSUM: d9e2a6c4072866c9041ac3a2389fdf3f7a4c1620

COCOAPODS: 1.11.3
